# This file is autogenerated, do not edit; changes may be undone by the next 'dep ensure'.


[[projects]]
  digest = "1:9f3b30d9f8e0d7040f729b82dcbc8f0dead820a133b3147ce355fc451f32d761"
  name = "github.com/BurntSushi/toml"
  packages = ["."]
  pruneopts = "UT"
  revision = "3012a1dbe2e4bd1391d42b32f0577cb7bbc7f005"
  version = "v0.3.1"

[[projects]]
  digest = "1:b520b55fc1146c5b0eea03b07233f7a3d4a9be985c037c91ea6b82ecb81bd521"
  name = "github.com/bitly/go-simplejson"
  packages = ["."]
  pruneopts = "UT"
  revision = "aabad6e819789e569bd6aabf444c935aa9ba1e44"
  version = "v0.5.0"

[[projects]]
  digest = "1:76dc72490af7174349349838f2fe118996381b31ea83243812a97e5a0fd5ed55"
  name = "github.com/dgrijalva/jwt-go"
  packages = ["."]
  pruneopts = "UT"
  revision = "06ea1031745cb8b3dab3f6a236daf2b0aa468b7e"
  version = "v3.2.0"

[[projects]]
  digest = "1:abeb38ade3f32a92943e5be54f55ed6d6e3b6602761d74b4aab4c9dd45c18abd"
  name = "github.com/fsnotify/fsnotify"
  packages = ["."]
  pruneopts = "UT"
  revision = "c2828203cd70a50dcccfb2761f8b1f8ceef9a8e9"
  version = "v1.4.7"

[[projects]]
  digest = "1:2cd7915ab26ede7d95b8749e6b1f933f1c6d5398030684e6505940a10f31cfda"
  name = "github.com/ghodss/yaml"
  packages = ["."]
  pruneopts = "UT"
  revision = "0ca9ea5df5451ffdf184b4428c902747c2c11cd7"
  version = "v1.0.0"

[[projects]]
  digest = "1:4be5d1a52c61b74c0a4d62f37c0640f706ae6e07eb73617dd013990d565717d5"
  name = "github.com/go-log/log"
  packages = [
    ".",
    "log",
  ]
  pruneopts = "UT"
  revision = "37e2e1f19306361e1fc152a1839f1236149cb4e4"
  version = "v0.1.0"

[[projects]]
  digest = "1:ec6f9bf5e274c833c911923c9193867f3f18788c461f76f05f62bb1510e0ae65"
  name = "github.com/go-sql-driver/mysql"
  packages = ["."]
  pruneopts = "UT"
  revision = "72cd26f257d44c1114970e19afddcd812016007e"
  version = "v1.4.1"

[[projects]]
  digest = "1:14053216b10287b4d1a3d9cc7cf9c739de42dec897a519bc8641cde60b2dc340"
  name = "github.com/golang/protobuf"
  packages = [
    "proto",
    "protoc-gen-go",
    "protoc-gen-go/descriptor",
    "protoc-gen-go/generator",
    "protoc-gen-go/generator/internal/remap",
    "protoc-gen-go/grpc",
    "protoc-gen-go/plugin",
  ]
  pruneopts = "UT"
  revision = "aa810b61a9c79d51363740d207bb46cf8e620ed5"
  version = "v1.2.0"

[[projects]]
  digest = "1:236d7e1bdb50d8f68559af37dbcf9d142d56b431c9b2176d41e2a009b664cda8"
  name = "github.com/google/uuid"
  packages = ["."]
  pruneopts = "UT"
  revision = "9b3b1e0f5f99ae461456d768e7d301a7acdaa2d8"
  version = "v1.1.0"

[[projects]]
  digest = "1:49c9af3885e409508807eb2c94a23794009ee6addb81277aef4762a429b314fb"
  name = "github.com/hashicorp/consul"
  packages = [
    "api",
    "watch",
  ]
  pruneopts = "UT"
  revision = "0bddfa23a2ebe3c0773d917fc104f53d74f7a5ec"
  version = "v1.4.0"

[[projects]]
  digest = "1:f47d6109c2034cb16bd62b220e18afd5aa9d5a1630fe5d937ad96a4fb7cbb277"
  name = "github.com/hashicorp/go-cleanhttp"
  packages = ["."]
  pruneopts = "UT"
  revision = "e8ab9daed8d1ddd2d3c4efba338fe2eeae2e4f18"
  version = "v0.5.0"

[[projects]]
  branch = "master"
  digest = "1:45aad874d3c7d5e8610427c81870fb54970b981692930ec2a319ce4cb89d7a00"
  name = "github.com/hashicorp/go-rootcerts"
  packages = ["."]
  pruneopts = "UT"
  revision = "6bb64b370b90e7ef1fa532be9e591a81c3493e00"

[[projects]]
  digest = "1:ea40c24cdbacd054a6ae9de03e62c5f252479b96c716375aace5c120d68647c8"
  name = "github.com/hashicorp/hcl"
  packages = [
    ".",
    "hcl/ast",
    "hcl/parser",
    "hcl/scanner",
    "hcl/strconv",
    "hcl/token",
    "json/parser",
    "json/scanner",
    "json/token",
  ]
  pruneopts = "UT"
  revision = "8cb6e5b959231cc1119e43259c4a608f9c51a241"
  version = "v1.0.0"

[[projects]]
  digest = "1:0dd7b7b01769f9df356dc99f9e4144bdbabf6c79041ea7c0892379c5737f3c44"
  name = "github.com/hashicorp/serf"
  packages = ["coordinate"]
  pruneopts = "UT"
  revision = "d6574a5bb1226678d7010325fb6c985db20ee458"
  version = "v0.8.1"

[[projects]]
  digest = "1:8eb1de8112c9924d59bf1d3e5c26f5eaa2bfc2a5fcbb92dc1c2e4546d695f277"
  name = "github.com/imdario/mergo"
  packages = ["."]
  pruneopts = "UT"
  revision = "9f23e2d6bd2a77f959b2bf6acdbefd708a83a4a4"
  version = "v0.3.6"

[[projects]]
  digest = "1:420ec120a74b22e8a967f2a2928d89503e373848c0d4447d16ddbbbef9a9965c"
  name = "github.com/jinzhu/gorm"
  packages = [
    ".",
    "dialects/mysql",
  ]
  pruneopts = "UT"
  revision = "472c70caa40267cb89fd8facb07fe6454b578626"
  version = "v1.9.2"

[[projects]]
  branch = "master"
  digest = "1:fd97437fbb6b7dce04132cf06775bd258cce305c44add58eb55ca86c6c325160"
  name = "github.com/jinzhu/inflection"
  packages = ["."]
  pruneopts = "UT"
  revision = "04140366298a54a039076d798123ffa108fff46c"

[[projects]]
  branch = "master"
  digest = "1:30284237628259cb445afc0e1b4c7b4ed265ba1a6111ee72927452c0864f789f"
  name = "github.com/micro/cli"
  packages = ["."]
  pruneopts = "UT"
  revision = "1b0c9793c30063c75054ac3a245ef8f7f5154229"

[[projects]]
  digest = "1:e2fd456541de3991d3965eab6083e9f4234e384e6dcb6587e375f1942b96163b"
  name = "github.com/micro/go-config"
  packages = [
    ".",
    "encoder",
    "encoder/hcl",
    "encoder/json",
    "encoder/toml",
    "encoder/xml",
    "encoder/yaml",
    "loader",
    "loader/memory",
    "reader",
    "reader/json",
    "source",
    "source/file",
  ]
  pruneopts = "UT"
  revision = "1bf51c5c888a67d4ddf8d3e447bf4e9a6e2453da"
  version = "v0.13.1"

[[projects]]
  branch = "master"
  digest = "1:1ba6e7291c93f36a9eef6628caaed64a82b1da2508d01f6347c7936f5c2531f6"
  name = "github.com/micro/go-log"
  packages = ["."]
  pruneopts = "UT"
  revision = "cbfa9447f9b655f8e66583237e51f40ca9bff860"

[[projects]]
  digest = "1:7c024c6f7410fd9c083277b06c82ed3d367e9cc3656a510cf7dddc88a0deb327"
  name = "github.com/micro/go-micro"
  packages = [
    ".",
    "broker",
    "broker/codec",
    "broker/codec/json",
    "broker/http",
    "client",
    "cmd",
    "codec",
    "codec/jsonrpc",
    "codec/protorpc",
    "errors",
    "metadata",
    "registry",
    "registry/consul",
    "registry/mdns",
    "selector",
    "selector/cache",
    "server",
    "server/debug",
    "server/debug/proto",
    "transport",
    "transport/codec",
    "transport/http",
  ]
  pruneopts = "UT"
  revision = "4cee1f19f6748700518a8ca647e26ab3ad7f2a2f"
  version = "v0.12.0"

[[projects]]
  branch = "master"
  digest = "1:7243b71c52f5226ed26340e9bbffd702484c152caa2e78234f4384a8309dcafb"
  name = "github.com/micro/go-rcache"
  packages = ["."]
  pruneopts = "UT"
  revision = "a581a57b513351792b9f21fc8b95d87b1c5a95da"

[[projects]]
  branch = "master"
  digest = "1:a821cb65a246b429a68e30eb263fb6bba4fa082ea09318d3122f0b3d90dea3c4"
  name = "github.com/micro/mdns"
  packages = ["."]
  pruneopts = "UT"
  revision = "9c3770d4057a5adca108c15ca317fee54766f9f7"

[[projects]]
  branch = "master"
  digest = "1:366b59150c83c1b7c33818cb7b79123920d543d78bd23d80121a621776255139"
  name = "github.com/micro/util"
  packages = [
    "go/lib/addr",
    "go/lib/net",
    "go/lib/tls",
  ]
  pruneopts = "UT"
  revision = "2d4f591dc5383712927e372348c0885478402595"

[[projects]]
  digest = "1:702ff5d8a0196ccb0627f35996efd1081be00c8ae1719402adbffc6e0f8f59ac"
  name = "github.com/miekg/dns"
  packages = ["."]
  pruneopts = "UT"
  revision = "7586a3cbe8ccfc63f82de3ab2ceeb08c9939af72"
  version = "v1.1.1"

[[projects]]
  digest = "1:78bbb1ba5b7c3f2ed0ea1eab57bdd3859aec7e177811563edc41198a760b06af"
  name = "github.com/mitchellh/go-homedir"
  packages = ["."]
  pruneopts = "UT"
  revision = "ae18d6b8b3205b561c79e8e5f69bff09736185f4"
  version = "v1.0.0"

[[projects]]
  digest = "1:61332bb44d05257bbf0356d8400a8b30fe0b9fdc3b72b8b55661da8f0a4f39ae"
  name = "github.com/mitchellh/hashstructure"
  packages = ["."]
  pruneopts = "UT"
  revision = "a38c50148365edc8df43c1580c48fb2b3a1e9cd7"
  version = "v1.0.0"

[[projects]]
  digest = "1:53bc4cd4914cd7cd52139990d5170d6dc99067ae31c56530621b18b35fc30318"
  name = "github.com/mitchellh/mapstructure"
  packages = ["."]
  pruneopts = "UT"
  revision = "3536a929edddb9a5b34bd6861dc4a9647cb459fe"
  version = "v1.1.2"

[[projects]]
  digest = "1:e5d0bd87abc2781d14e274807a470acd180f0499f8bf5bb18606e9ec22ad9de9"
  name = "github.com/pborman/uuid"
  packages = ["."]
  pruneopts = "UT"
  revision = "adf5a7427709b9deb95d29d3fa8a2bf9cfd388f1"
  version = "v1.2"

[[projects]]
  digest = "1:40e195917a951a8bf867cd05de2a46aaf1806c50cf92eebf4c16f78cd196f747"
  name = "github.com/pkg/errors"
  packages = ["."]
  pruneopts = "UT"
  revision = "645ef00459ed84a119197bfb8d8205042c6df63d"
  version = "v0.8.0"

[[projects]]
  branch = "master"
  digest = "1:16ef17a4f9a574eea2fafc2bfb2299e4779fd9691c62c8895d49caa3d9a97366"
  name = "github.com/unliar/proto"
  packages = ["account"]
  pruneopts = "UT"
  revision = "6e039a4e1b028a2b9c60986d8c88a688d4212779"

[[projects]]
  branch = "master"
  digest = "1:0163565f635b9d23040972c049e44dadd4e017b357a15687fe96f435f3ed72bb"
  name = "github.com/unliar/utils"
  packages = ["go/crypto"]
  pruneopts = "UT"
  revision = "5216890022bf80a513d10420da799cc150eedbb1"

[[projects]]
  branch = "master"
  digest = "1:d5891c5bca9c62e5d394ca26491d2b710a1dc08cedeb0ca8f9ac4c3305120b02"
  name = "golang.org/x/crypto"
  packages = [
    "ed25519",
    "ed25519/internal/edwards25519",
  ]
  pruneopts = "UT"
  revision = "8d7daa0c54b357f3071e11eaef7efc4e19a417e2"

[[projects]]
  branch = "master"
  digest = "1:017f082ca972d27a7f9f336cb0ad08b01e7024b0da4bc362d127deed2574b83d"
  name = "golang.org/x/net"
  packages = [
    "bpf",
    "internal/iana",
    "internal/socket",
    "ipv4",
    "ipv6",
  ]
  pruneopts = "UT"
  revision = "927f97764cc334a6575f4b7a1584a147864d5723"

[[projects]]
  branch = "master"
  digest = "1:5004e851e5eccde563d17871cd9d11c82e2faa578b1a0de81dc74867ad3845a4"
  name = "golang.org/x/sys"
  packages = ["unix"]
  pruneopts = "UT"
  revision = "82a175fd1598e8a172e58ebdf5ed262bb29129e5"

[[projects]]
  digest = "1:c25289f43ac4a68d88b02245742347c94f1e108c534dda442188015ff80669b3"
  name = "google.golang.org/appengine"
  packages = ["cloudsql"]
  pruneopts = "UT"
  revision = "e9657d882bb81064595ca3b56cbe2546bbabf7b1"
  version = "v1.4.0"

[[projects]]
  digest = "1:4d2e5a73dc1500038e504a8d78b986630e3626dc027bc030ba5c75da257cdb96"
  name = "gopkg.in/yaml.v2"
  packages = ["."]
  pruneopts = "UT"
  revision = "51d6538a90f86fe93ac480b35f37b2be17fef232"
  version = "v2.2.2"

[solve-meta]
  analyzer-name = "dep"
  analyzer-version = 1
  input-imports = [
    "github.com/dgrijalva/jwt-go",
    "github.com/golang/protobuf/protoc-gen-go",
    "github.com/jinzhu/gorm",
    "github.com/jinzhu/gorm/dialects/mysql",
    "github.com/micro/go-config",
    "github.com/micro/go-config/source/file",
    "github.com/micro/go-micro",
    "github.com/micro/go-micro/client",
    "github.com/micro/go-micro/errors",
    "github.com/micro/go-micro/metadata",
    "github.com/micro/go-micro/server",
    "github.com/unliar/proto/account",
    "github.com/unliar/utils/go/crypto",
  ]
  solver-name = "gps-cdcl"
  solver-version = 1
