# This file is autogenerated, do not edit; changes may be undone by the next 'dep ensure'.


[[projects]]
  digest = "1:9f3b30d9f8e0d7040f729b82dcbc8f0dead820a133b3147ce355fc451f32d761"
  name = "github.com/BurntSushi/toml"
  packages = ["."]
  pruneopts = "UT"
  revision = "3012a1dbe2e4bd1391d42b32f0577cb7bbc7f005"
  version = "v0.3.1"

[[projects]]
  digest = "1:6c0f1bc4d83abbdcb860204b7935b5cf072d449e225c33946b68968aa06d20a0"
  name = "github.com/armon/go-metrics"
  packages = ["."]
  pruneopts = "UT"
  revision = "3df31a1ada83e310c2e24b267c8e8b68836547b4"

[[projects]]
  digest = "1:b520b55fc1146c5b0eea03b07233f7a3d4a9be985c037c91ea6b82ecb81bd521"
  name = "github.com/bitly/go-simplejson"
  packages = ["."]
  pruneopts = "UT"
  revision = "aabad6e819789e569bd6aabf444c935aa9ba1e44"
  version = "v0.5.0"

[[projects]]
  digest = "1:76dc72490af7174349349838f2fe118996381b31ea83243812a97e5a0fd5ed55"
  name = "github.com/dgrijalva/jwt-go"
  packages = ["."]
  pruneopts = "UT"
  revision = "06ea1031745cb8b3dab3f6a236daf2b0aa468b7e"
  version = "v3.2.0"

[[projects]]
  digest = "1:abeb38ade3f32a92943e5be54f55ed6d6e3b6602761d74b4aab4c9dd45c18abd"
  name = "github.com/fsnotify/fsnotify"
  packages = ["."]
  pruneopts = "UT"
  revision = "c2828203cd70a50dcccfb2761f8b1f8ceef9a8e9"
  version = "v1.4.7"

[[projects]]
  digest = "1:2cd7915ab26ede7d95b8749e6b1f933f1c6d5398030684e6505940a10f31cfda"
  name = "github.com/ghodss/yaml"
  packages = ["."]
  pruneopts = "UT"
  revision = "0ca9ea5df5451ffdf184b4428c902747c2c11cd7"
  version = "v1.0.0"

[[projects]]
  digest = "1:4be5d1a52c61b74c0a4d62f37c0640f706ae6e07eb73617dd013990d565717d5"
  name = "github.com/go-log/log"
  packages = [
    ".",
    "log",
  ]
  pruneopts = "UT"
  revision = "37e2e1f19306361e1fc152a1839f1236149cb4e4"
  version = "v0.1.0"

[[projects]]
  digest = "1:adea5a94903eb4384abef30f3d878dc9ff6b6b5b0722da25b82e5169216dfb61"
  name = "github.com/go-sql-driver/mysql"
  packages = ["."]
  pruneopts = "UT"
  revision = "d523deb1b23d913de5bdada721a6071e71283618"
  version = "v1.4.0"

[[projects]]
  digest = "1:97df918963298c287643883209a2c3f642e6593379f97ab400c2a2e219ab647d"
  name = "github.com/golang/protobuf"
  packages = ["proto"]
  pruneopts = "UT"
  revision = "aa810b61a9c79d51363740d207bb46cf8e620ed5"
  version = "v1.2.0"

[[projects]]
  digest = "1:3a26588bc48b96825977c1b3df964f8fd842cd6860cc26370588d3563433cf11"
  name = "github.com/google/uuid"
  packages = ["."]
  pruneopts = "UT"
  revision = "d460ce9f8df2e77fb1ba55ca87fafed96c607494"
  version = "v1.0.0"

[[projects]]
  digest = "1:949eed2f9570022751c2cd40777fbd1b45c04b932ea58874274286ba3a7566c8"
  name = "github.com/hashicorp/consul"
  packages = [
    "api",
    "watch",
  ]
  pruneopts = "UT"
  revision = "e8757838a49feeb682c7e6ad6b78694a78b2096b"
  version = "v1.3.0"

[[projects]]
  digest = "1:77cb3be9b21ba7f1a4701e870c84ea8b66e7d74c7c8951c58155fdadae9414ec"
  name = "github.com/hashicorp/go-cleanhttp"
  packages = ["."]
  pruneopts = "UT"
  revision = "d5fe4b57a186c716b0e00b8c301cbd9b4182694d"

[[projects]]
  branch = "master"
  digest = "1:45aad874d3c7d5e8610427c81870fb54970b981692930ec2a319ce4cb89d7a00"
  name = "github.com/hashicorp/go-rootcerts"
  packages = ["."]
  pruneopts = "UT"
  revision = "6bb64b370b90e7ef1fa532be9e591a81c3493e00"

[[projects]]
  digest = "1:ea40c24cdbacd054a6ae9de03e62c5f252479b96c716375aace5c120d68647c8"
  name = "github.com/hashicorp/hcl"
  packages = [
    ".",
    "hcl/ast",
    "hcl/parser",
    "hcl/scanner",
    "hcl/strconv",
    "hcl/token",
    "json/parser",
    "json/scanner",
    "json/token",
  ]
  pruneopts = "UT"
  revision = "8cb6e5b959231cc1119e43259c4a608f9c51a241"
  version = "v1.0.0"

[[projects]]
  digest = "1:acc81e4e4289587b257ccdfccbc6eaf16d4c2fb57dda73c6bb349bf50f02501f"
  name = "github.com/hashicorp/serf"
  packages = ["coordinate"]
  pruneopts = "UT"
  revision = "19bbd39e421bdf3559d5025fb2c760f5ffa56233"

[[projects]]
  digest = "1:8eb1de8112c9924d59bf1d3e5c26f5eaa2bfc2a5fcbb92dc1c2e4546d695f277"
  name = "github.com/imdario/mergo"
  packages = ["."]
  pruneopts = "UT"
  revision = "9f23e2d6bd2a77f959b2bf6acdbefd708a83a4a4"
  version = "v0.3.6"

[[projects]]
  digest = "1:b6f4477f09f11785097a121811f3a90d8d26cab73c1aa71abda859bdf6ad2334"
  name = "github.com/jinzhu/gorm"
  packages = [
    ".",
    "dialects/mysql",
  ]
  pruneopts = "UT"
  revision = "6ed508ec6a4ecb3531899a69cbc746ccf65a4166"
  version = "v1.9.1"

[[projects]]
  branch = "master"
  digest = "1:fd97437fbb6b7dce04132cf06775bd258cce305c44add58eb55ca86c6c325160"
  name = "github.com/jinzhu/inflection"
  packages = ["."]
  pruneopts = "UT"
  revision = "04140366298a54a039076d798123ffa108fff46c"

[[projects]]
  branch = "master"
  digest = "1:0d3455926b7b805da0ba04fe325ad7662f47c0b6522500a2d787667e2fb6e463"
  name = "github.com/micro/cli"
  packages = ["."]
  pruneopts = "UT"
  revision = "8b9d33ec2f19cfe2fe9f448f18b033c004c18fd2"

[[projects]]
  digest = "1:5cadde2a6d0117e3fb205217be9e28d64c95302582e2322e2fb49c97df9f21e0"
  name = "github.com/micro/go-config"
  packages = [
    ".",
    "encoder",
    "encoder/hcl",
    "encoder/json",
    "encoder/toml",
    "encoder/xml",
    "encoder/yaml",
    "loader",
    "loader/memory",
    "reader",
    "reader/json",
    "source",
    "source/file",
  ]
  pruneopts = "UT"
  revision = "de9b634f8a1e8fd611e6a464e588b48112b1814f"
  version = "v0.11.1"

[[projects]]
  branch = "master"
  digest = "1:1ba6e7291c93f36a9eef6628caaed64a82b1da2508d01f6347c7936f5c2531f6"
  name = "github.com/micro/go-log"
  packages = ["."]
  pruneopts = "UT"
  revision = "cbfa9447f9b655f8e66583237e51f40ca9bff860"

[[projects]]
  digest = "1:7c024c6f7410fd9c083277b06c82ed3d367e9cc3656a510cf7dddc88a0deb327"
  name = "github.com/micro/go-micro"
  packages = [
    ".",
    "broker",
    "broker/codec",
    "broker/codec/json",
    "broker/http",
    "client",
    "cmd",
    "codec",
    "codec/jsonrpc",
    "codec/protorpc",
    "errors",
    "metadata",
    "registry",
    "registry/consul",
    "registry/mdns",
    "selector",
    "selector/cache",
    "server",
    "server/debug",
    "server/debug/proto",
    "transport",
    "transport/codec",
    "transport/http",
  ]
  pruneopts = "UT"
  revision = "4cee1f19f6748700518a8ca647e26ab3ad7f2a2f"
  version = "v0.12.0"

[[projects]]
  branch = "master"
  digest = "1:7243b71c52f5226ed26340e9bbffd702484c152caa2e78234f4384a8309dcafb"
  name = "github.com/micro/go-rcache"
  packages = ["."]
  pruneopts = "UT"
  revision = "a581a57b513351792b9f21fc8b95d87b1c5a95da"

[[projects]]
  branch = "master"
  digest = "1:0fd6feac155e496abc6fcc734dded208deef8c9010bad8919adc393e699886ce"
  name = "github.com/micro/mdns"
  packages = ["."]
  pruneopts = "UT"
  revision = "cdf30746f9f70dc7a366d3d885792a092fd83102"

[[projects]]
  branch = "master"
  digest = "1:366b59150c83c1b7c33818cb7b79123920d543d78bd23d80121a621776255139"
  name = "github.com/micro/util"
  packages = [
    "go/lib/addr",
    "go/lib/net",
    "go/lib/tls",
  ]
  pruneopts = "UT"
  revision = "4b7ed83e8520ab8fe6e5ef61fa2ede94b32f8602"

[[projects]]
  digest = "1:57689550840d285f2da9e85356a66e626592a8b6f1170d7f2482438e64fe82e3"
  name = "github.com/miekg/dns"
  packages = ["."]
  pruneopts = "UT"
  revision = "d74956db7b5b20451796774572d0f5a0222e377a"
  version = "v1.0.13"

[[projects]]
  digest = "1:78bbb1ba5b7c3f2ed0ea1eab57bdd3859aec7e177811563edc41198a760b06af"
  name = "github.com/mitchellh/go-homedir"
  packages = ["."]
  pruneopts = "UT"
  revision = "ae18d6b8b3205b561c79e8e5f69bff09736185f4"
  version = "v1.0.0"

[[projects]]
  digest = "1:61332bb44d05257bbf0356d8400a8b30fe0b9fdc3b72b8b55661da8f0a4f39ae"
  name = "github.com/mitchellh/hashstructure"
  packages = ["."]
  pruneopts = "UT"
  revision = "a38c50148365edc8df43c1580c48fb2b3a1e9cd7"
  version = "v1.0.0"

[[projects]]
  digest = "1:bba69fe95a60f59a68df402c23d57ffdc5596200901189958aea969c468d550f"
  name = "github.com/mitchellh/mapstructure"
  packages = ["."]
  pruneopts = "UT"
  revision = "5a380f224700b8a6c4eaad048804f5bff514cb35"

[[projects]]
  digest = "1:e5d0bd87abc2781d14e274807a470acd180f0499f8bf5bb18606e9ec22ad9de9"
  name = "github.com/pborman/uuid"
  packages = ["."]
  pruneopts = "UT"
  revision = "adf5a7427709b9deb95d29d3fa8a2bf9cfd388f1"
  version = "v1.2"

[[projects]]
  digest = "1:40e195917a951a8bf867cd05de2a46aaf1806c50cf92eebf4c16f78cd196f747"
  name = "github.com/pkg/errors"
  packages = ["."]
  pruneopts = "UT"
  revision = "645ef00459ed84a119197bfb8d8205042c6df63d"
  version = "v0.8.0"

[[projects]]
  digest = "1:274f67cb6fed9588ea2521ecdac05a6d62a8c51c074c1fccc6a49a40ba80e925"
  name = "github.com/satori/go.uuid"
  packages = ["."]
  pruneopts = "UT"
  revision = "f58768cc1a7a7e77a3bd49e98cdd21419399b6a3"
  version = "v1.2.0"

[[projects]]
  branch = "master"
  digest = "1:32b52b2d34ca3fd8478f9f26ecac95cd222fcd7fc5e74773a9662a0ea4cd222a"
  name = "github.com/unliar/proto"
  packages = ["account"]
  pruneopts = "UT"
  revision = "907a83b9993d7f7b36be1c5bb334ef0afbef589e"

[[projects]]
  branch = "master"
  digest = "1:d5891c5bca9c62e5d394ca26491d2b710a1dc08cedeb0ca8f9ac4c3305120b02"
  name = "golang.org/x/crypto"
  packages = [
    "ed25519",
    "ed25519/internal/edwards25519",
  ]
  pruneopts = "UT"
  revision = "0c41d7ab0a0ee717d4590a44bcb987dfd9e183eb"

[[projects]]
  branch = "master"
  digest = "1:f2b50c75156fdaececcfba639d89f1a0c4f6476f7e3eaee49ab758f46003398c"
  name = "golang.org/x/net"
  packages = [
    "bpf",
    "context",
    "internal/iana",
    "internal/socket",
    "ipv4",
    "ipv6",
  ]
  pruneopts = "UT"
  revision = "04a2e542c03f1d053ab3e4d6e5abcd4b66e2be8e"

[[projects]]
  branch = "master"
  digest = "1:0a40b0bdd57a93e741d8557465be3a2edeec408e9b6399586ad65bbe8e355796"
  name = "golang.org/x/sys"
  packages = ["unix"]
  pruneopts = "UT"
  revision = "fa43e7bc11baaae89f3f902b2b4d832b68234844"

[[projects]]
  digest = "1:c25289f43ac4a68d88b02245742347c94f1e108c534dda442188015ff80669b3"
  name = "google.golang.org/appengine"
  packages = ["cloudsql"]
  pruneopts = "UT"
  revision = "ae0ab99deb4dc413a2b4bd6c8bdd0eb67f1e4d06"
  version = "v1.2.0"

[[projects]]
  digest = "1:4d2e5a73dc1500038e504a8d78b986630e3626dc027bc030ba5c75da257cdb96"
  name = "gopkg.in/yaml.v2"
  packages = ["."]
  pruneopts = "UT"
  revision = "51d6538a90f86fe93ac480b35f37b2be17fef232"
  version = "v2.2.2"

[solve-meta]
  analyzer-name = "dep"
  analyzer-version = 1
  input-imports = [
    "github.com/dgrijalva/jwt-go",
    "github.com/jinzhu/gorm",
    "github.com/jinzhu/gorm/dialects/mysql",
    "github.com/micro/go-config",
    "github.com/micro/go-config/source/file",
    "github.com/micro/go-micro",
    "github.com/micro/go-micro/client",
    "github.com/micro/go-micro/errors",
    "github.com/micro/go-micro/metadata",
    "github.com/micro/go-micro/server",
    "github.com/satori/go.uuid",
    "github.com/unliar/proto/account",
  ]
  solver-name = "gps-cdcl"
  solver-version = 1
